// !$*UTF8*$!
{
	archiveVersion = 1;
	classes = {
	};
	objectVersion = 77;
	objects = {

/* Begin PBXBuildFile section */
		F807707F2F766569000514D8 /* ViewInspector in Frameworks */ = {isa = PBXBuildFile; productRef = F807707E2F766569000514D8 /* ViewInspector */; };
/* End PBXBuildFile section */

/* Begin PBXContainerItemProxy section */
		F813937B2F680A5200CB426D /* PBXContainerItemProxy */ = {
			isa = PBXContainerItemProxy;
			containerPortal = F81393652F680A4F00CB426D /* Project object */;
			proxyType = 1;
			remoteGlobalIDString = F813936C2F680A4F00CB426D;
			remoteInfo = Sample_DogProject;
		};
		F81393852F680A5200CB426D /* PBXContainerItemProxy */ = {
			isa = PBXContainerItemProxy;
			containerPortal = F81393652F680A4F00CB426D /* Project object */;
			proxyType = 1;
			remoteGlobalIDString = F813936C2F680A4F00CB426D;
			remoteInfo = Sample_DogProject;
		};
/* End PBXContainerItemProxy section */

/* Begin PBXFileReference section */
		F813936D2F680A4F00CB426D /* Sample_DogProject.app */ = {isa = PBXFileReference; explicitFileType = wrapper.application; includeInIndex = 0; path = Sample_DogProject.app; sourceTree = BUILT_PRODUCTS_DIR; };
		F813937A2F680A5200CB426D /* Sample_DogProjectTests.xctest */ = {isa = PBXFileReference; explicitFileType = wrapper.cfbundle; includeInIndex = 0; path = Sample_DogProjectTests.xctest; sourceTree = BUILT_PRODUCTS_DIR; };
		F81393842F680A5200CB426D /* Sample_DogProjectUITests.xctest */ = {isa = PBXFileReference; explicitFileType = wrapper.cfbundle; includeInIndex = 0; path = Sample_DogProjectUITests.xctest; sourceTree = BUILT_PRODUCTS_DIR; };
/* End PBXFileReference section */

/* Begin PBXFileSystemSynchronizedRootGroup section */
		F813936F2F680A4F00CB426D /* Sample_DogProject */ = {
			isa = PBXFileSystemSynchronizedRootGroup;
			path = Sample_DogProject;
			sourceTree = "<group>";
		};
		F813937D2F680A5200CB426D /* Sample_DogProjectTests */ = {
			isa = PBXFileSystemSynchronizedRootGroup;
			path = Sample_DogProjectTests;
			sourceTree = "<group>";
		};
		F81393872F680A5200CB426D /* Sample_DogProjectUITests */ = {
			isa = PBXFileSystemSynchronizedRootGroup;
			path = Sample_DogProjectUITests;
			sourceTree = "<group>";
		};
/* End PBXFileSystemSynchronizedRootGroup section */

/* Begin PBXFrameworksBuildPhase section */
		F813936A2F680A4F00CB426D /* Frameworks */ = {
			isa = PBXFrameworksBuildPhase;
			buildActionMask = 2147483647;
			files = (
			);
			runOnlyForDeploymentPostprocessing = 0;
		};
		F81393772F680A5200CB426D /* Frameworks */ = {
			isa = PBXFrameworksBuildPhase;
			buildActionMask = 2147483647;
			files = (
				F807707F2F766569000514D8 /* ViewInspector in Frameworks */,
			);
			runOnlyForDeploymentPostprocessing = 0;
		};
		F81393812F680A5200CB426D /* Frameworks */ = {
			isa = PBXFrameworksBuildPhase;
			buildActionMask = 2147483647;
			files = (
			);
			runOnlyForDeploymentPostprocessing = 0;
		};
/* End PBXFrameworksBuildPhase section */

/* Begin PBXGroup section */
		F81393642F680A4F00CB426D = {
			isa = PBXGroup;
			children = (
				F813936F2F680A4F00CB426D /* Sample_DogProject */,
				F813937D2F680A5200CB426D /* Sample_DogProjectTests */,
				F81393872F680A5200CB426D /* Sample_DogProjectUITests */,
				F813936E2F680A4F00CB426D /* Products */,
			);
			sourceTree = "<group>";
		};
		F813936E2F680A4F00CB426D /* Products */ = {
			isa = PBXGroup;
			children = (
				F813936D2F680A4F00CB426D /* Sample_DogProject.app */,
				F813937A2F680A5200CB426D /* Sample_DogProjectTests.xctest */,
				F81393842F680A5200CB426D /* Sample_DogProjectUITests.xctest */,
			);
			name = Products;
			sourceTree = "<group>";
		};
/* End PBXGroup section */

/* Begin PBXNativeTarget section */
		F813936C2F680A4F00CB426D /* Sample_DogProject */ = {
			isa = PBXNativeTarget;
			buildConfigurationList = F813938E2F680A5200CB426D /* Build configuration list for PBXNativeTarget "Sample_DogProject" */;
			buildPhases = (
				F81393692F680A4F00CB426D /* Sources */,
				F813936A2F680A4F00CB426D /* Frameworks */,
				F813936B2F680A4F00CB426D /* Resources */,
			);
			buildRules = (
			);
			dependencies = (
			);
			fileSystemSynchronizedGroups = (
				F813936F2F680A4F00CB426D /* Sample_DogProject */,
			);
			name = Sample_DogProject;
			packageProductDependencies = (
			);
			productName = Sample_DogProject;
			productReference = F813936D2F680A4F00CB426D /* Sample_DogProject.app */;
			productType = "com.apple.product-type.application";
		};
		F81393792F680A5200CB426D /* Sample_DogProjectTests */ = {
			isa = PBXNativeTarget;
			buildConfigurationList = F81393912F680A5200CB426D /* Build configuration list for PBXNativeTarget "Sample_DogProjectTests" */;
			buildPhases = (
				F81393762F680A5200CB426D /* Sources */,
				F81393772F680A5200CB426D /* Frameworks */,
				F81393782F680A5200CB426D /* Resources */,
			);
			buildRules = (
			);
			dependencies = (
				F813937C2F680A5200CB426D /* PBXTargetDependency */,
			);
			fileSystemSynchronizedGroups = (
				F813937D2F680A5200CB426D /* Sample_DogProjectTests */,
			);
			name = Sample_DogProjectTests;
			packageProductDependencies = (
				F807707E2F766569000514D8 /* ViewInspector */,
			);
			productName = Sample_DogProjectTests;
			productReference = F813937A2F680A5200CB426D /* Sample_DogProjectTests.xctest */;
			productType = "com.apple.product-type.bundle.unit-test";
		};
		F81393832F680A5200CB426D /* Sample_DogProjectUITests */ = {
			isa = PBXNativeTarget;
			buildConfigurationList = F81393942F680A5200CB426D /* Build configuration list for PBXNativeTarget "Sample_DogProjectUITests" */;
			buildPhases = (
				F81393802F680A5200CB426D /* Sources */,
				F81393812F680A5200CB426D /* Frameworks */,
				F81393822F680A5200CB426D /* Resources */,
			);
			buildRules = (
			);
			dependencies = (
				F81393862F680A5200CB426D /* PBXTargetDependency */,
			);
			fileSystemSynchronizedGroups = (
				F81393872F680A5200CB426D /* Sample_DogProjectUITests */,
			);
			name = Sample_DogProjectUITests;
			packageProductDependencies = (
			);
			productName = Sample_DogProjectUITests;
			productReference = F81393842F680A5200CB426D /* Sample_DogProjectUITests.xctest */;
			productType = "com.apple.product-type.bundle.ui-testing";
		};
/* End PBXNativeTarget section */

/* Begin PBXProject section */
		F81393652F680A4F00CB426D /* Project object */ = {
			isa = PBXProject;
			attributes = {
				BuildIndependentTargetsInParallel = 1;
				LastSwiftUpdateCheck = 2600;
				LastUpgradeCheck = 2600;
				TargetAttributes = {
					F813936C2F680A4F00CB426D = {
						CreatedOnToolsVersion = 26.0.1;
					};
					F81393792F680A5200CB426D = {
						CreatedOnToolsVersion = 26.0.1;
						TestTargetID = F813936C2F680A4F00CB426D;
					};
					F81393832F680A5200CB426D = {
						CreatedOnToolsVersion = 26.0.1;
						TestTargetID = F813936C2F680A4F00CB426D;
					};
				};
			};
			buildConfigurationList = F81393682F680A4F00CB426D /* Build configuration list for PBXProject "Sample_DogProject" */;
			developmentRegion = en;
			hasScannedForEncodings = 0;
			knownRegions = (
				en,
				Base,
			);
			mainGroup = F81393642F680A4F00CB426D;
			minimizedProjectReferenceProxies = 1;
			packageReferences = (
				F807707D2F766569000514D8 /* XCRemoteSwiftPackageReference "ViewInspector" */,
			);
			preferredProjectObjectVersion = 77;
			productRefGroup = F813936E2F680A4F00CB426D /* Products */;
			projectDirPath = "";
			projectRoot = "";
			targets = (
				F813936C2F680A4F00CB426D /* Sample_DogProject */,
				F81393792F680A5200CB426D /* Sample_DogProjectTests */,
				F81393832F680A5200CB426D /* Sample_DogProjectUITests */,
			);
		};
/* End PBXProject section */

/* Begin PBXResourcesBuildPhase section */
		F813936B2F680A4F00CB426D /* Resources */ = {
			isa = PBXResourcesBuildPhase;
			buildActionMask = 2147483647;
			files = (
			);
			runOnlyForDeploymentPostprocessing = 0;
		};
		F81393782F680A5200CB426D /* Resources */ = {
			isa = PBXResourcesBuildPhase;
			buildActionMask = 2147483647;
			files = (
			);
			runOnlyForDeploymentPostprocessing = 0;
		};
		F81393822F680A5200CB426D /* Resources */ = {
			isa = PBXResourcesBuildPhase;
			buildActionMask = 2147483647;
			files = (
			);
			runOnlyForDeploymentPostprocessing = 0;
		};
/* End PBXResourcesBuildPhase section */

/* Begin PBXSourcesBuildPhase section */
		F81393692F680A4F00CB426D /* Sources */ = {
			isa = PBXSourcesBuildPhase;
			buildActionMask = 2147483647;
			files = (
			);
			runOnlyForDeploymentPostprocessing = 0;
		};
		F81393762F680A5200CB426D /* Sources */ = {
			isa = PBXSourcesBuildPhase;
			buildActionMask = 2147483647;
			files = (
			);
			runOnlyForDeploymentPostprocessing = 0;
		};
		F81393802F680A5200CB426D /* Sources */ = {
			isa = PBXSourcesBuildPhase;
			buildActionMask = 2147483647;
			files = (
			);
			runOnlyForDeploymentPostprocessing = 0;
		};
/* End PBXSourcesBuildPhase section */

/* Begin PBXTargetDependency section */
		F813937C2F680A5200CB426D /* PBXTargetDependency */ = {
			isa = PBXTargetDependency;
			target = F813936C2F680A4F00CB426D /* Sample_DogProject */;
			targetProxy = F813937B2F680A5200CB426D /* PBXContainerItemProxy */;
		};
		F81393862F680A5200CB426D /* PBXTargetDependency */ = {
			isa = PBXTargetDependency;
			target = F813936C2F680A4F00CB426D /* Sample_DogProject */;
			targetProxy = F81393852F680A5200CB426D /* PBXContainerItemProxy */;
		};
/* End PBXTargetDependency section */

/* Begin XCBuildConfiguration section */
		F813938C2F680A5200CB426D /* Debug */ = {
			isa = XCBuildConfiguration;
			buildSettings = {
				ALWAYS_SEARCH_USER_PATHS = NO;
				ASSETCATALOG_COMPILER_GENERATE_SWIFT_ASSET_SYMBOL_EXTENSIONS = YES;
				CLANG_ANALYZER_NONNULL = YES;
				CLANG_ANALYZER_NUMBER_OBJECT_CONVERSION = YES_AGGRESSIVE;
				CLANG_CXX_LANGUAGE_STANDARD = "gnu++20";
				CLANG_ENABLE_MODULES = YES;
				CLANG_ENABLE_OBJC_ARC = YES;
				CLANG_ENABLE_OBJC_WEAK = YES;
				CLANG_WARN_BLOCK_CAPTURE_AUTORELEASING = YES;
				CLANG_WARN_BOOL_CONVERSION = YES;
				CLANG_WARN_COMMA = YES;
				CLANG_WARN_CONSTANT_CONVERSION = YES;
				CLANG_WARN_DEPRECATED_OBJC_IMPLEMENTATIONS = YES;
				CLANG_WARN_DIRECT_OBJC_ISA_USAGE = YES_ERROR;
				CLANG_WARN_DOCUMENTATION_COMMENTS = YES;
				CLANG_WARN_EMPTY_BODY = YES;
				CLANG_WARN_ENUM_CONVERSION = YES;
				CLANG_WARN_INFINITE_RECURSION = YES;
				CLANG_WARN_INT_CONVERSION = YES;
				CLANG_WARN_NON_LITERAL_NULL_CONVERSION = YES;
				CLANG_WARN_OBJC_IMPLICIT_RETAIN_SELF = YES;
				CLANG_WARN_OBJC_LITERAL_CONVERSION = YES;
				CLANG_WARN_OBJC_ROOT_CLASS = YES_ERROR;
				CLANG_WARN_QUOTED_INCLUDE_IN_FRAMEWORK_HEADER = YES;
				CLANG_WARN_RANGE_LOOP_ANALYSIS = YES;
				CLANG_WARN_STRICT_PROTOTYPES = YES;
				CLANG_WARN_SUSPICIOUS_MOVE = YES;
				CLANG_WARN_UNGUARDED_AVAILABILITY = YES_AGGRESSIVE;
				CLANG_WARN_UNREACHABLE_CODE = YES;
				CLANG_WARN__DUPLICATE_METHOD_MATCH = YES;
				COPY_PHASE_STRIP = NO;
				DEBUG_INFORMATION_FORMAT = dwarf;
				ENABLE_STRICT_OBJC_MSGSEND = YES;
				ENABLE_TESTABILITY = YES;
				ENABLE_USER_SCRIPT_SANDBOXING = YES;
				GCC_C_LANGUAGE_STANDARD = gnu17;
				GCC_DYNAMIC_NO_PIC = NO;
				GCC_NO_COMMON_BLOCKS = YES;
				GCC_OPTIMIZATION_LEVEL = 0;
				GCC_PREPROCESSOR_DEFINITIONS = (
					"DEBUG=1",
					"$(inherited)",
				);
				GCC_WARN_64_TO_32_BIT_CONVERSION = YES;
				GCC_WARN_ABOUT_RETURN_TYPE = YES_ERROR;
				GCC_WARN_UNDECLARED_SELECTOR = YES;
				GCC_WARN_UNINITIALIZED_AUTOS = YES_AGGRESSIVE;
				GCC_WARN_UNUSED_FUNCTION = YES;
				GCC_WARN_UNUSED_VARIABLE = YES;
				IPHONEOS_DEPLOYMENT_TARGET = 26.0;
				LOCALIZATION_PREFERS_STRING_CATALOGS = YES;
				MTL_ENABLE_DEBUG_INFO = INCLUDE_SOURCE;
				MTL_FAST_MATH = YES;
				ONLY_ACTIVE_ARCH = YES;
				SDKROOT = iphoneos;
				SWIFT_ACTIVE_COMPILATION_CONDITIONS = "DEBUG $(inherited)";
				SWIFT_OPTIMIZATION_LEVEL = "-Onone";
			};
			name = Debug;
		};
		F813938D2F680A5200CB426D /* Release */ = {
			isa = XCBuildConfiguration;
			buildSettings = {
				ALWAYS_SEARCH_USER_PATHS = NO;
				ASSETCATALOG_COMPILER_GENERATE_SWIFT_ASSET_SYMBOL_EXTENSIONS = YES;
				CLANG_ANALYZER_NONNULL = YES;
				CLANG_ANALYZER_NUMBER_OBJECT_CONVERSION = YES_AGGRESSIVE;
				CLANG_CXX_LANGUAGE_STANDARD = "gnu++20";
				CLANG_ENABLE_MODULES = YES;
				CLANG_ENABLE_OBJC_ARC = YES;
				CLANG_ENABLE_OBJC_WEAK = YES;
				CLANG_WARN_BLOCK_CAPTURE_AUTORELEASING = YES;
				CLANG_WARN_BOOL_CONVERSION = YES;
				CLANG_WARN_COMMA = YES;
				CLANG_WARN_CONSTANT_CONVERSION = YES;
				CLANG_WARN_DEPRECATED_OBJC_IMPLEMENTATIONS = YES;
				CLANG_WARN_DIRECT_OBJC_ISA_USAGE = YES_ERROR;
				CLANG_WARN_DOCUMENTATION_COMMENTS = YES;
				CLANG_WARN_EMPTY_BODY = YES;
				CLANG_WARN_ENUM_CONVERSION = YES;
				CLANG_WARN_INFINITE_RECURSION = YES;
				CLANG_WARN_INT_CONVERSION = YES;
				CLANG_WARN_NON_LITERAL_NULL_CONVERSION = YES;
				CLANG_WARN_OBJC_IMPLICIT_RETAIN_SELF = YES;
				CLANG_WARN_OBJC_LITERAL_CONVERSION = YES;
				CLANG_WARN_OBJC_ROOT_CLASS = YES_ERROR;
				CLANG_WARN_QUOTED_INCLUDE_IN_FRAMEWORK_HEADER = YES;
				CLANG_WARN_RANGE_LOOP_ANALYSIS = YES;
				CLANG_WARN_STRICT_PROTOTYPES = YES;
				CLANG_WARN_SUSPICIOUS_MOVE = YES;
				CLANG_WARN_UNGUARDED_AVAILABILITY = YES_AGGRESSIVE;
				CLANG_WARN_UNREACHABLE_CODE = YES;
				CLANG_WARN__DUPLICATE_METHOD_MATCH = YES;
				COPY_PHASE_STRIP = NO;
				DEBUG_INFORMATION_FORMAT = "dwarf-with-dsym";
				ENABLE_NS_ASSERTIONS = NO;
				ENABLE_STRICT_OBJC_MSGSEND = YES;
				ENABLE_USER_SCRIPT_SANDBOXING = YES;
				GCC_C_LANGUAGE_STANDARD = gnu17;
				GCC_NO_COMMON_BLOCKS = YES;
				GCC_WARN_64_TO_32_BIT_CONVERSION = YES;
				GCC_WARN_ABOUT_RETURN_TYPE = YES_ERROR;
				GCC_WARN_UNDECLARED_SELECTOR = YES;
				GCC_WARN_UNINITIALIZED_AUTOS = YES_AGGRESSIVE;
				GCC_WARN_UNUSED_FUNCTION = YES;
				GCC_WARN_UNUSED_VARIABLE = YES;
				IPHONEOS_DEPLOYMENT_TARGET = 26.0;
				LOCALIZATION_PREFERS_STRING_CATALOGS = YES;
				MTL_ENABLE_DEBUG_INFO = NO;
				MTL_FAST_MATH = YES;
				SDKROOT = iphoneos;
				SWIFT_COMPILATION_MODE = wholemodule;
				VALIDATE_PRODUCT = YES;
			};
			name = Release;
		};
		F813938F2F680A5200CB426D /* Debug */ = {
			isa = XCBuildConfiguration;
			buildSettings = {
				ASSETCATALOG_COMPILER_APPICON_NAME = AppIcon;
				ASSETCATALOG_COMPILER_GLOBAL_ACCENT_COLOR_NAME = AccentColor;
				CODE_SIGN_STYLE = Automatic;
				CURRENT_PROJECT_VERSION = 1;
				ENABLE_PREVIEWS = YES;
				GENERATE_INFOPLIST_FILE = YES;
				INFOPLIST_KEY_UIApplicationSceneManifest_Generation = YES;
				INFOPLIST_KEY_UIApplicationSupportsIndirectInputEvents = YES;
				INFOPLIST_KEY_UILaunchScreen_Generation = YES;
				INFOPLIST_KEY_UISupportedInterfaceOrientations_iPad = "UIInterfaceOrientationPortrait UIInterfaceOrientationPortraitUpsideDown UIInterfaceOrientationLandscapeLeft UIInterfaceOrientationLandscapeRight";
				INFOPLIST_KEY_UISupportedInterfaceOrientations_iPhone = "UIInterfaceOrientationPortrait UIInterfaceOrientationLandscapeLeft UIInterfaceOrientationLandscapeRight";
				LD_RUNPATH_SEARCH_PATHS = (
					"$(inherited)",
					"@executable_path/Frameworks",
				);
				MARKETING_VERSION = 1.0;
				PRODUCT_BUNDLE_IDENTIFIER = "com.dattas.Sample-DogProject";
				PRODUCT_NAME = "$(TARGET_NAME)";
				STRING_CATALOG_GENERATE_SYMBOLS = YES;
				SWIFT_APPROACHABLE_CONCURRENCY = YES;
				SWIFT_DEFAULT_ACTOR_ISOLATION = MainActor;
				SWIFT_EMIT_LOC_STRINGS = YES;
				SWIFT_UPCOMING_FEATURE_MEMBER_IMPORT_VISIBILITY = YES;
				SWIFT_VERSION = 5.0;
				TARGETED_DEVICE_FAMILY = "1,2";
			};
			name = Debug;
		};
		F81393902F680A5200CB426D /* Release */ = {
			isa = XCBuildConfiguration;
			buildSettings = {
				ASSETCATALOG_COMPILER_APPICON_NAME = AppIcon;
				ASSETCATALOG_COMPILER_GLOBAL_ACCENT_COLOR_NAME = AccentColor;
				CODE_SIGN_STYLE = Automatic;
				CURRENT_PROJECT_VERSION = 1;
				ENABLE_PREVIEWS = YES;
				GENERATE_INFOPLIST_FILE = YES;
				INFOPLIST_KEY_UIApplicationSceneManifest_Generation = YES;
				INFOPLIST_KEY_UIApplicationSupportsIndirectInputEvents = YES;
				INFOPLIST_KEY_UILaunchScreen_Generation = YES;
				INFOPLIST_KEY_UISupportedInterfaceOrientations_iPad = "UIInterfaceOrientationPortrait UIInterfaceOrientationPortraitUpsideDown UIInterfaceOrientationLandscapeLeft UIInterfaceOrientationLandscapeRight";
				INFOPLIST_KEY_UISupportedInterfaceOrientations_iPhone = "UIInterfaceOrientationPortrait UIInterfaceOrientationLandscapeLeft UIInterfaceOrientationLandscapeRight";
				LD_RUNPATH_SEARCH_PATHS = (
					"$(inherited)",
					"@executable_path/Frameworks",
				);
				MARKETING_VERSION = 1.0;
				PRODUCT_BUNDLE_IDENTIFIER = "com.dattas.Sample-DogProject";
				PRODUCT_NAME = "$(TARGET_NAME)";
				STRING_CATALOG_GENERATE_SYMBOLS = YES;
				SWIFT_APPROACHABLE_CONCURRENCY = YES;
				SWIFT_DEFAULT_ACTOR_ISOLATION = MainActor;
				SWIFT_EMIT_LOC_STRINGS = YES;
				SWIFT_UPCOMING_FEATURE_MEMBER_IMPORT_VISIBILITY = YES;
				SWIFT_VERSION = 5.0;
				TARGETED_DEVICE_FAMILY = "1,2";
			};
			name = Release;
		};
		F81393922F680A5200CB426D /* Debug */ = {
			isa = XCBuildConfiguration;
			buildSettings = {
				BUNDLE_LOADER = "$(TEST_HOST)";
				CODE_SIGN_STYLE = Automatic;
				CURRENT_PROJECT_VERSION = 1;
				GENERATE_INFOPLIST_FILE = YES;
				IPHONEOS_DEPLOYMENT_TARGET = 26.0;
				MARKETING_VERSION = 1.0;
				PRODUCT_BUNDLE_IDENTIFIER = "com.dattas.Sample-DogProjectTests";
				PRODUCT_NAME = "$(TARGET_NAME)";
				STRING_CATALOG_GENERATE_SYMBOLS = NO;
				SWIFT_APPROACHABLE_CONCURRENCY = YES;
				SWIFT_EMIT_LOC_STRINGS = NO;
				SWIFT_UPCOMING_FEATURE_MEMBER_IMPORT_VISIBILITY = YES;
				SWIFT_VERSION = 5.0;
				TARGETED_DEVICE_FAMILY = "1,2";
				TEST_HOST = "$(BUILT_PRODUCTS_DIR)/Sample_DogProject.app/$(BUNDLE_EXECUTABLE_FOLDER_PATH)/Sample_DogProject";
			};
			name = Debug;
		};
		F81393932F680A5200CB426D /* Release */ = {
			isa = XCBuildConfiguration;
			buildSettings = {
				BUNDLE_LOADER = "$(TEST_HOST)";
				CODE_SIGN_STYLE = Automatic;
				CURRENT_PROJECT_VERSION = 1;
				GENERATE_INFOPLIST_FILE = YES;
				IPHONEOS_DEPLOYMENT_TARGET = 26.0;
				MARKETING_VERSION = 1.0;
				PRODUCT_BUNDLE_IDENTIFIER = "com.dattas.Sample-DogProjectTests";
				PRODUCT_NAME = "$(TARGET_NAME)";
				STRING_CATALOG_GENERATE_SYMBOLS = NO;
				SWIFT_APPROACHABLE_CONCURRENCY = YES;
				SWIFT_EMIT_LOC_STRINGS = NO;
				SWIFT_UPCOMING_FEATURE_MEMBER_IMPORT_VISIBILITY = YES;
				SWIFT_VERSION = 5.0;
				TARGETED_DEVICE_FAMILY = "1,2";
				TEST_HOST = "$(BUILT_PRODUCTS_DIR)/Sample_DogProject.app/$(BUNDLE_EXECUTABLE_FOLDER_PATH)/Sample_DogProject";
			};
			name = Release;
		};
		F81393952F680A5200CB426D /* Debug */ = {
			isa = XCBuildConfiguration;
			buildSettings = {
				CODE_SIGN_STYLE = Automatic;
				CURRENT_PROJECT_VERSION = 1;
				GENERATE_INFOPLIST_FILE = YES;
				MARKETING_VERSION = 1.0;
				PRODUCT_BUNDLE_IDENTIFIER = "com.dattas.Sample-DogProjectUITests";
				PRODUCT_NAME = "$(TARGET_NAME)";
				STRING_CATALOG_GENERATE_SYMBOLS = NO;
				SWIFT_APPROACHABLE_CONCURRENCY = YES;
				SWIFT_EMIT_LOC_STRINGS = NO;
				SWIFT_UPCOMING_FEATURE_MEMBER_IMPORT_VISIBILITY = YES;
				SWIFT_VERSION = 5.0;
				TARGETED_DEVICE_FAMILY = "1,2";
				TEST_TARGET_NAME = Sample_DogProject;
			};
			name = Debug;
		};
		F81393962F680A5200CB426D /* Release */ = {
			isa = XCBuildConfiguration;
			buildSettings = {
				CODE_SIGN_STYLE = Automatic;
				CURRENT_PROJECT_VERSION = 1;
				GENERATE_INFOPLIST_FILE = YES;
				MARKETING_VERSION = 1.0;
				PRODUCT_BUNDLE_IDENTIFIER = "com.dattas.Sample-DogProjectUITests";
				PRODUCT_NAME = "$(TARGET_NAME)";
				STRING_CATALOG_GENERATE_SYMBOLS = NO;
				SWIFT_APPROACHABLE_CONCURRENCY = YES;
				SWIFT_EMIT_LOC_STRINGS = NO;
				SWIFT_UPCOMING_FEATURE_MEMBER_IMPORT_VISIBILITY = YES;
				SWIFT_VERSION = 5.0;
				TARGETED_DEVICE_FAMILY = "1,2";
				TEST_TARGET_NAME = Sample_DogProject;
			};
			name = Release;
		};
/* End XCBuildConfiguration section */

/* Begin XCConfigurationList section */
		F81393682F680A4F00CB426D /* Build configuration list for PBXProject "Sample_DogProject" */ = {
			isa = XCConfigurationList;
			buildConfigurations = (
				F813938C2F680A5200CB426D /* Debug */,
				F813938D2F680A5200CB426D /* Release */,
			);
			defaultConfigurationIsVisible = 0;
			defaultConfigurationName = Release;
		};
		F813938E2F680A5200CB426D /* Build configuration list for PBXNativeTarget "Sample_DogProject" */ = {
			isa = XCConfigurationList;
			buildConfigurations = (
				F813938F2F680A5200CB426D /* Debug */,
				F81393902F680A5200CB426D /* Release */,
			);
			defaultConfigurationIsVisible = 0;
			defaultConfigurationName = Release;
		};
		F81393912F680A5200CB426D /* Build configuration list for PBXNativeTarget "Sample_DogProjectTests" */ = {
			isa = XCConfigurationList;
			buildConfigurations = (
				F81393922F680A5200CB426D /* Debug */,
				F81393932F680A5200CB426D /* Release */,
			);
			defaultConfigurationIsVisible = 0;
			defaultConfigurationName = Release;
		};
		F81393942F680A5200CB426D /* Build configuration list for PBXNativeTarget "Sample_DogProjectUITests" */ = {
			isa = XCConfigurationList;
			buildConfigurations = (
				F81393952F680A5200CB426D /* Debug */,
				F81393962F680A5200CB426D /* Release */,
			);
			defaultConfigurationIsVisible = 0;
			defaultConfigurationName = Release;
		};
/* End XCConfigurationList section */

/* Begin XCRemoteSwiftPackageReference section */
		F807707D2F766569000514D8 /* XCRemoteSwiftPackageReference "ViewInspector" */ = {
			isa = XCRemoteSwiftPackageReference;
			repositoryURL = "https://github.com/nalexn/ViewInspector";
			requirement = {
				kind = upToNextMajorVersion;
				minimumVersion = 0.10.3;
			};
		};
/* End XCRemoteSwiftPackageReference section */

/* Begin XCSwiftPackageProductDependency section */
		F807707E2F766569000514D8 /* ViewInspector */ = {
			isa = XCSwiftPackageProductDependency;
			package = F807707D2F766569000514D8 /* XCRemoteSwiftPackageReference "ViewInspector" */;
			productName = ViewInspector;
		};
/* End XCSwiftPackageProductDependency section */
	};
	rootObject = F81393652F680A4F00CB426D /* Project object */;
}
